
Microsoft Visual Studio Solution File, Format Version 12.00
# Visual Studio Version 17
VisualStudioVersion = 17.12.35707.178
MinimumVisualStudioVersion = 10.0.40219.1
Project("{FAE04EC0-301F-11D3-BF4B-00C04F79EFBC}") = "myshop.Web", "myshop.Web\myshop.Web.csproj", "{EFD39A43-BE21-4A5A-9F86-B9A665869FED}"
EndProject
Project("{FAE04EC0-301F-11D3-BF4B-00C04F79EFBC}") = "myshop.DataAccess", "myshop.DataAccess\myshop.DataAccess.csproj", "{661DED23-4E2D-40B1-824C-0D58847CCEE7}"
EndProject
Project("{FAE04EC0-301F-11D3-BF4B-00C04F79EFBC}") = "myshop.Entities", "myshop.Entities\myshop.Entities.csproj", "{2A9BD5A5-D782-4B42-85E2-3B4834EF0231}"
EndProject
Global
	GlobalSection(SolutionConfigurationPlatforms) = preSolution
		Debug|Any CPU = Debug|Any CPU
		Release|Any CPU = Release|Any CPU
	EndGlobalSection
	GlobalSection(ProjectConfigurationPlatforms) = postSolution
		{EFD39A43-BE21-4A5A-9F86-B9A665869FED}.Debug|Any CPU.ActiveCfg = Debug|Any CPU
		{EFD39A43-BE21-4A5A-9F86-B9A665869FED}.Debug|Any CPU.Build.0 = Debug|Any CPU
		{EFD39A43-BE21-4A5A-9F86-B9A665869FED}.Release|Any CPU.ActiveCfg = Release|Any CPU
		{EFD39A43-BE21-4A5A-9F86-B9A665869FED}.Release|Any CPU.Build.0 = Release|Any CPU
		{661DED23-4E2D-40B1-824C-0D58847CCEE7}.Debug|Any CPU.ActiveCfg = Debug|Any CPU
		{661DED23-4E2D-40B1-824C-0D58847CCEE7}.Debug|Any CPU.Build.0 = Debug|Any CPU
		{661DED23-4E2D-40B1-824C-0D58847CCEE7}.Release|Any CPU.ActiveCfg = Release|Any CPU
		{661DED23-4E2D-40B1-824C-0D58847CCEE7}.Release|Any CPU.Build.0 = Release|Any CPU
		{2A9BD5A5-D782-4B42-85E2-3B4834EF0231}.Debug|Any CPU.ActiveCfg = Debug|Any CPU
		{2A9BD5A5-D782-4B42-85E2-3B4834EF0231}.Debug|Any CPU.Build.0 = Debug|Any CPU
		{2A9BD5A5-D782-4B42-85E2-3B4834EF0231}.Release|Any CPU.ActiveCfg = Release|Any CPU
		{2A9BD5A5-D782-4B42-85E2-3B4834EF0231}.Release|Any CPU.Build.0 = Release|Any CPU
	EndGlobalSection
	GlobalSection(SolutionProperties) = preSolution
		HideSolutionNode = FALSE
	EndGlobalSection
EndGlobal
